
Microsoft Visual Studio Solution File, Format Version 12.00
# Visual Studio Version 17
VisualStudioVersion = 17.4.33213.308
MinimumVisualStudioVersion = 10.0.40219.1
Project("{FAE04EC0-301F-11D3-BF4B-00C04F79EFBC}") = "BMIкалькулятор", "BMIкалькулятор\BMIкалькулятор.csproj", "{032BA0D6-D8AC-4CCE-B51F-7CF61E27FF61}"
EndProject
Global
	GlobalSection(SolutionConfigurationPlatforms) = preSolution
		Debug|Any CPU = Debug|Any CPU
		Release|Any CPU = Release|Any CPU
	EndGlobalSection
	GlobalSection(ProjectConfigurationPlatforms) = postSolution
		{032BA0D6-D8AC-4CCE-B51F-7CF61E27FF61}.Debug|Any CPU.ActiveCfg = Debug|Any CPU
		{032BA0D6-D8AC-4CCE-B51F-7CF61E27FF61}.Debug|Any CPU.Build.0 = Debug|Any CPU
		{032BA0D6-D8AC-4CCE-B51F-7CF61E27FF61}.Release|Any CPU.ActiveCfg = Release|Any CPU
		{032BA0D6-D8AC-4CCE-B51F-7CF61E27FF61}.Release|Any CPU.Build.0 = Release|Any CPU
	EndGlobalSection
	GlobalSection(SolutionProperties) = preSolution
		HideSolutionNode = FALSE
	EndGlobalSection
	GlobalSection(ExtensibilityGlobals) = postSolution
		SolutionGuid = {8BED0E5C-CD27-4CCA-91C9-DDF38DC10368}
	EndGlobalSection
EndGlobal
